
Microsoft Visual Studio Solution File, Format Version 12.00
# Visual Studio Version 17
VisualStudioVersion = 17.5.33530.505
MinimumVisualStudioVersion = 10.0.40219.1
Project("{9A19103F-16F7-4668-BE54-9A1E7A4F7556}") = "Elfind", "Elfind\Elfind.csproj", "{EAE01E12-B57A-48DB-AF64-D62246967A71}"
EndProject
Global
	GlobalSection(SolutionConfigurationPlatforms) = preSolution
		Debug|Any CPU = Debug|Any CPU
		Release|Any CPU = Release|Any CPU
	EndGlobalSection
	GlobalSection(ProjectConfigurationPlatforms) = postSolution
		{EAE01E12-B57A-48DB-AF64-D62246967A71}.Debug|Any CPU.ActiveCfg = Debug|Any CPU
		{EAE01E12-B57A-48DB-AF64-D62246967A71}.Debug|Any CPU.Build.0 = Debug|Any CPU
		{EAE01E12-B57A-48DB-AF64-D62246967A71}.Release|Any CPU.ActiveCfg = Release|Any CPU
		{EAE01E12-B57A-48DB-AF64-D62246967A71}.Release|Any CPU.Build.0 = Release|Any CPU
	EndGlobalSection
	GlobalSection(SolutionProperties) = preSolution
		HideSolutionNode = FALSE
	EndGlobalSection
	GlobalSection(ExtensibilityGlobals) = postSolution
		SolutionGuid = {69835A6D-C522-479A-B511-68773B75C5CF}
	EndGlobalSection
EndGlobal
